
Microsoft Visual Studio Solution File, Format Version 12.00
# Visual Studio Version 17
VisualStudioVersion = 17.9.34622.214
MinimumVisualStudioVersion = 10.0.40219.1
Project("{FAE04EC0-301F-11D3-BF4B-00C04F79EFBC}") = "Assessment1", "Assessment1\Assessment1.csproj", "{83BF8A9D-F315-42BD-A4E1-882D832099A8}"
EndProject
Global
	GlobalSection(SolutionConfigurationPlatforms) = preSolution
		Debug|Any CPU = Debug|Any CPU
		Release|Any CPU = Release|Any CPU
	EndGlobalSection
	GlobalSection(ProjectConfigurationPlatforms) = postSolution
		{83BF8A9D-F315-42BD-A4E1-882D832099A8}.Debug|Any CPU.ActiveCfg = Debug|Any CPU
		{83BF8A9D-F315-42BD-A4E1-882D832099A8}.Debug|Any CPU.Build.0 = Debug|Any CPU
		{83BF8A9D-F315-42BD-A4E1-882D832099A8}.Release|Any CPU.ActiveCfg = Release|Any CPU
		{83BF8A9D-F315-42BD-A4E1-882D832099A8}.Release|Any CPU.Build.0 = Release|Any CPU
	EndGlobalSection
	GlobalSection(SolutionProperties) = preSolution
		HideSolutionNode = FALSE
	EndGlobalSection
	GlobalSection(ExtensibilityGlobals) = postSolution
		SolutionGuid = {3030FD86-D207-4F79-A542-C8DE798E9C4D}
	EndGlobalSection
EndGlobal
